// !$*UTF8*$!
{
	archiveVersion = 1;
	classes = {
	};
	objectVersion = 46;
	objects = {

/* Begin PBXBuildFile section */
		8A1162D015FE94C300447125 /* level2Background.png in Resources */ = {isa = PBXBuildFile; fileRef = 8A1162CF15FE94C300447125 /* level2Background.png */; };
		8A1162D215FE94CB00447125 /* level3Background.png in Resources */ = {isa = PBXBuildFile; fileRef = 8A1162D115FE94CB00447125 /* level3Background.png */; };
		8A3859FB15FB3CE90014A041 /* tieBomber.png in Resources */ = {isa = PBXBuildFile; fileRef = 8A3859FA15FB3CE90014A041 /* tieBomber.png */; };
		8A3859FE15FB3F570014A041 /* tieInterceptor.png in Resources */ = {isa = PBXBuildFile; fileRef = 8A3859FD15FB3F570014A041 /* tieInterceptor.png */; };
		8A385A0015FBFACD0014A041 /* xwing.png in Resources */ = {isa = PBXBuildFile; fileRef = 8A3859FF15FBFACD0014A041 /* xwing.png */; };
		8A385A0215FBFD530014A041 /* ywing.png in Resources */ = {isa = PBXBuildFile; fileRef = 8A385A0115FBFD530014A041 /* ywing.png */; };
		8A385A0415FBFE310014A041 /* twing.png in Resources */ = {isa = PBXBuildFile; fileRef = 8A385A0315FBFE310014A041 /* twing.png */; };
		8A385A1815FC4CC50014A041 /* selectTWing.png in Resources */ = {isa = PBXBuildFile; fileRef = 8A385A1715FC4CC50014A041 /* selectTWing.png */; };
		8A385A1C15FC53A40014A041 /* selectTWingHighlighted.png in Resources */ = {isa = PBXBuildFile; fileRef = 8A385A1B15FC53A40014A041 /* selectTWingHighlighted.png */; };
		8A385A2115FC56710014A041 /* selectFalcon.png in Resources */ = {isa = PBXBuildFile; fileRef = 8A385A1F15FC56700014A041 /* selectFalcon.png */; };
		8A385A2215FC56710014A041 /* selectFalconHighlighted.png in Resources */ = {isa = PBXBuildFile; fileRef = 8A385A2015FC56700014A041 /* selectFalconHighlighted.png */; };
		8A385A2515FC58840014A041 /* selectXWing.png in Resources */ = {isa = PBXBuildFile; fileRef = 8A385A2315FC58840014A041 /* selectXWing.png */; };
		8A385A2615FC58840014A041 /* selectXWingHighlighted.png in Resources */ = {isa = PBXBuildFile; fileRef = 8A385A2415FC58840014A041 /* selectXWingHighlighted.png */; };
		8A385A2915FC588C0014A041 /* selectYWing.png in Resources */ = {isa = PBXBuildFile; fileRef = 8A385A2715FC588C0014A041 /* selectYWing.png */; };
		8A385A2A15FC588C0014A041 /* selectYWingHighlighted.png in Resources */ = {isa = PBXBuildFile; fileRef = 8A385A2815FC588C0014A041 /* selectYWingHighlighted.png */; };
		8A385A2E15FC6EF70014A041 /* GameViewController.xib in Resources */ = {isa = PBXBuildFile; fileRef = 8A385A2D15FC6EF60014A041 /* GameViewController.xib */; };
		8A385A3015FC6F9F0014A041 /* SelectShipViewController.xib in Resources */ = {isa = PBXBuildFile; fileRef = 8A385A2F15FC6F9E0014A041 /* SelectShipViewController.xib */; };
		8A42A0C315E6C5E30078D033 /* UIKit.framework in Frameworks */ = {isa = PBXBuildFile; fileRef = 8A42A0C215E6C5E30078D033 /* UIKit.framework */; };
		8A42A0C515E6C5E30078D033 /* Foundation.framework in Frameworks */ = {isa = PBXBuildFile; fileRef = 8A42A0C415E6C5E30078D033 /* Foundation.framework */; };
		8A42A0C715E6C5E30078D033 /* CoreGraphics.framework in Frameworks */ = {isa = PBXBuildFile; fileRef = 8A42A0C615E6C5E30078D033 /* CoreGraphics.framework */; };
		8A42A0CD15E6C5E30078D033 /* InfoPlist.strings in Resources */ = {isa = PBXBuildFile; fileRef = 8A42A0CB15E6C5E30078D033 /* InfoPlist.strings */; };
		8A42A0CF15E6C5E30078D033 /* main.m in Sources */ = {isa = PBXBuildFile; fileRef = 8A42A0CE15E6C5E30078D033 /* main.m */; };
		8A42A0D315E6C5E30078D033 /* AppDelegate.m in Sources */ = {isa = PBXBuildFile; fileRef = 8A42A0D215E6C5E30078D033 /* AppDelegate.m */; };
		8A42A0DA15E6C6130078D033 /* astroid.mp4 in Resources */ = {isa = PBXBuildFile; fileRef = 8A42A0D915E6C6130078D033 /* astroid.mp4 */; };
		8A42A0DC15E6C61B0078D033 /* ship.png in Resources */ = {isa = PBXBuildFile; fileRef = 8A42A0DB15E6C61B0078D033 /* ship.png */; };
		8A42A0E015E6C8BD0078D033 /* laser.mp3 in Resources */ = {isa = PBXBuildFile; fileRef = 8A42A0DF15E6C8BD0078D033 /* laser.mp3 */; };
		8A42A0E215E6C8EC0078D033 /* AVFoundation.framework in Frameworks */ = {isa = PBXBuildFile; fileRef = 8A42A0E115E6C8EC0078D033 /* AVFoundation.framework */; };
		8A42A0E415E6C8F30078D033 /* QuartzCore.framework in Frameworks */ = {isa = PBXBuildFile; fileRef = 8A42A0E315E6C8F30078D033 /* QuartzCore.framework */; };
		8A42A0ED15E6CB170078D033 /* GameViewController.m in Sources */ = {isa = PBXBuildFile; fileRef = 8A42A0EB15E6CB170078D033 /* GameViewController.m */; };
		8A42A0F015E6CE620078D033 /* laser.png in Resources */ = {isa = PBXBuildFile; fileRef = 8A42A0EF15E6CE620078D033 /* laser.png */; };
		8A42A0F715E6D2840078D033 /* GameView.m in Sources */ = {isa = PBXBuildFile; fileRef = 8A42A0F615E6D2840078D033 /* GameView.m */; };
		8A42A0FE15E6D4900078D033 /* Ship.m in Sources */ = {isa = PBXBuildFile; fileRef = 8A42A0FD15E6D4900078D033 /* Ship.m */; };
		8A42A10015E6F7540078D033 /* laser.mp4 in Resources */ = {isa = PBXBuildFile; fileRef = 8A42A0FF15E6F7540078D033 /* laser.mp4 */; };
		8A42A10315E706CE0078D033 /* LaserBlast.m in Sources */ = {isa = PBXBuildFile; fileRef = 8A42A10215E706CE0078D033 /* LaserBlast.m */; };
		8A42A10615E70A180078D033 /* Asteroid.m in Sources */ = {isa = PBXBuildFile; fileRef = 8A42A10515E70A180078D033 /* Asteroid.m */; };
		8A42A10815E70A5D0078D033 /* asteroid.png in Resources */ = {isa = PBXBuildFile; fileRef = 8A42A10715E70A5D0078D033 /* asteroid.png */; };
		8A58836615E75F0E004345AA /* space.png in Resources */ = {isa = PBXBuildFile; fileRef = 8A58836515E75F0E004345AA /* space.png */; };
		8AA7C94415E9510600061DC2 /* WelcomeViewController.m in Sources */ = {isa = PBXBuildFile; fileRef = 8AA7C94215E9510600061DC2 /* WelcomeViewController.m */; };
		8AA7C94515E9510600061DC2 /* WelcomeViewController.xib in Resources */ = {isa = PBXBuildFile; fileRef = 8AA7C94315E9510600061DC2 /* WelcomeViewController.xib */; };
		8AA991D115E9746700143800 /* welcome.png in Resources */ = {isa = PBXBuildFile; fileRef = 8AA991D015E9746700143800 /* welcome.png */; };
		8AA991EC15E9A6A600143800 /* ScoreViewController.m in Sources */ = {isa = PBXBuildFile; fileRef = 8AA991EA15E9A6A600143800 /* ScoreViewController.m */; };
		8AA991ED15E9A6A600143800 /* ScoreViewController.xib in Resources */ = {isa = PBXBuildFile; fileRef = 8AA991EB15E9A6A600143800 /* ScoreViewController.xib */; };
		8AA991F915E9B23900143800 /* blackButtonBackground.png in Resources */ = {isa = PBXBuildFile; fileRef = 8AA991F815E9B23900143800 /* blackButtonBackground.png */; };
		8AA991FD15E9B4EA00143800 /* SelectShipViewController.m in Sources */ = {isa = PBXBuildFile; fileRef = 8AA991FB15E9B4EA00143800 /* SelectShipViewController.m */; };
		8AA9920015E9BB1600143800 /* selectBackground.png in Resources */ = {isa = PBXBuildFile; fileRef = 8AA991FF15E9BB1600143800 /* selectBackground.png */; };
		8AA9920615E9C41300143800 /* milleniumFalcon.png in Resources */ = {isa = PBXBuildFile; fileRef = 8AA9920515E9C41200143800 /* milleniumFalcon.png */; };
		8AAC434815EC51170007103D /* EnemyShip.m in Sources */ = {isa = PBXBuildFile; fileRef = 8AAC434715EC51170007103D /* EnemyShip.m */; };
		8AAC434B15EC52B30007103D /* falcon.png in Resources */ = {isa = PBXBuildFile; fileRef = 8AAC434A15EC52B30007103D /* falcon.png */; };
		8AAC434D15EC5CEF0007103D /* tieFighter.png in Resources */ = {isa = PBXBuildFile; fileRef = 8AAC434C15EC5CEF0007103D /* tieFighter.png */; };
		8AB2B00B15FD4B3C007DEB5D /* greenLaser.png in Resources */ = {isa = PBXBuildFile; fileRef = 8AB2B00A15FD4B3C007DEB5D /* greenLaser.png */; };
/* End PBXBuildFile section */

/* Begin PBXFileReference section */
		8A1162CF15FE94C300447125 /* level2Background.png */ = {isa = PBXFileReference; lastKnownFileType = image.png; path = level2Background.png; sourceTree = "<group>"; };
		8A1162D115FE94CB00447125 /* level3Background.png */ = {isa = PBXFileReference; lastKnownFileType = image.png; path = level3Background.png; sourceTree = "<group>"; };
		8A3859FA15FB3CE90014A041 /* tieBomber.png */ = {isa = PBXFileReference; lastKnownFileType = image.png; path = tieBomber.png; sourceTree = "<group>"; };
		8A3859FD15FB3F570014A041 /* tieInterceptor.png */ = {isa = PBXFileReference; lastKnownFileType = image.png; path = tieInterceptor.png; sourceTree = "<group>"; };
		8A3859FF15FBFACD0014A041 /* xwing.png */ = {isa = PBXFileReference; lastKnownFileType = image.png; path = xwing.png; sourceTree = "<group>"; };
		8A385A0115FBFD530014A041 /* ywing.png */ = {isa = PBXFileReference; lastKnownFileType = image.png; path = ywing.png; sourceTree = "<group>"; };
		8A385A0315FBFE310014A041 /* twing.png */ = {isa = PBXFileReference; lastKnownFileType = image.png; path = twing.png; sourceTree = "<group>"; };
		8A385A1715FC4CC50014A041 /* selectTWing.png */ = {isa = PBXFileReference; lastKnownFileType = image.png; path = selectTWing.png; sourceTree = "<group>"; };
		8A385A1B15FC53A40014A041 /* selectTWingHighlighted.png */ = {isa = PBXFileReference; lastKnownFileType = image.png; path = selectTWingHighlighted.png; sourceTree = "<group>"; };
		8A385A1F15FC56700014A041 /* selectFalcon.png */ = {isa = PBXFileReference; lastKnownFileType = image.png; path = selectFalcon.png; sourceTree = "<group>"; };
		8A385A2015FC56700014A041 /* selectFalconHighlighted.png */ = {isa = PBXFileReference; lastKnownFileType = image.png; path = selectFalconHighlighted.png; sourceTree = "<group>"; };
		8A385A2315FC58840014A041 /* selectXWing.png */ = {isa = PBXFileReference; lastKnownFileType = image.png; path = selectXWing.png; sourceTree = "<group>"; };
		8A385A2415FC58840014A041 /* selectXWingHighlighted.png */ = {isa = PBXFileReference; lastKnownFileType = image.png; path = selectXWingHighlighted.png; sourceTree = "<group>"; };
		8A385A2715FC588C0014A041 /* selectYWing.png */ = {isa = PBXFileReference; lastKnownFileType = image.png; path = selectYWing.png; sourceTree = "<group>"; };
		8A385A2815FC588C0014A041 /* selectYWingHighlighted.png */ = {isa = PBXFileReference; lastKnownFileType = image.png; path = selectYWingHighlighted.png; sourceTree = "<group>"; };
		8A385A2D15FC6EF60014A041 /* GameViewController.xib */ = {isa = PBXFileReference; fileEncoding = 4; lastKnownFileType = file.xib; path = GameViewController.xib; sourceTree = "<group>"; };
		8A385A2F15FC6F9E0014A041 /* SelectShipViewController.xib */ = {isa = PBXFileReference; fileEncoding = 4; lastKnownFileType = file.xib; path = SelectShipViewController.xib; sourceTree = "<group>"; };
		8A42A0BE15E6C5E30078D033 /* Astroids.app */ = {isa = PBXFileReference; explicitFileType = wrapper.application; includeInIndex = 0; path = Astroids.app; sourceTree = BUILT_PRODUCTS_DIR; };
		8A42A0C215E6C5E30078D033 /* UIKit.framework */ = {isa = PBXFileReference; lastKnownFileType = wrapper.framework; name = UIKit.framework; path = System/Library/Frameworks/UIKit.framework; sourceTree = SDKROOT; };
		8A42A0C415E6C5E30078D033 /* Foundation.framework */ = {isa = PBXFileReference; lastKnownFileType = wrapper.framework; name = Foundation.framework; path = System/Library/Frameworks/Foundation.framework; sourceTree = SDKROOT; };
		8A42A0C615E6C5E30078D033 /* CoreGraphics.framework */ = {isa = PBXFileReference; lastKnownFileType = wrapper.framework; name = CoreGraphics.framework; path = System/Library/Frameworks/CoreGraphics.framework; sourceTree = SDKROOT; };
		8A42A0CA15E6C5E30078D033 /* Astroids-Info.plist */ = {isa = PBXFileReference; lastKnownFileType = text.plist.xml; path = "Astroids-Info.plist"; sourceTree = "<group>"; };
		8A42A0CC15E6C5E30078D033 /* en */ = {isa = PBXFileReference; lastKnownFileType = text.plist.strings; name = en; path = en.lproj/InfoPlist.strings; sourceTree = "<group>"; };
		8A42A0CE15E6C5E30078D033 /* main.m */ = {isa = PBXFileReference; lastKnownFileType = sourcecode.c.objc; path = main.m; sourceTree = "<group>"; };
		8A42A0D015E6C5E30078D033 /* Astroids-Prefix.pch */ = {isa = PBXFileReference; lastKnownFileType = sourcecode.c.h; path = "Astroids-Prefix.pch"; sourceTree = "<group>"; };
		8A42A0D115E6C5E30078D033 /* AppDelegate.h */ = {isa = PBXFileReference; lastKnownFileType = sourcecode.c.h; path = AppDelegate.h; sourceTree = "<group>"; };
		8A42A0D215E6C5E30078D033 /* AppDelegate.m */ = {isa = PBXFileReference; lastKnownFileType = sourcecode.c.objc; path = AppDelegate.m; sourceTree = "<group>"; };
		8A42A0D915E6C6130078D033 /* astroid.mp4 */ = {isa = PBXFileReference; lastKnownFileType = file; path = astroid.mp4; sourceTree = "<group>"; };
		8A42A0DB15E6C61B0078D033 /* ship.png */ = {isa = PBXFileReference; lastKnownFileType = image.png; path = ship.png; sourceTree = "<group>"; };
		8A42A0DF15E6C8BD0078D033 /* laser.mp3 */ = {isa = PBXFileReference; lastKnownFileType = audio.mp3; path = laser.mp3; sourceTree = "<group>"; };
		8A42A0E115E6C8EC0078D033 /* AVFoundation.framework */ = {isa = PBXFileReference; lastKnownFileType = wrapper.framework; name = AVFoundation.framework; path = System/Library/Frameworks/AVFoundation.framework; sourceTree = SDKROOT; };
		8A42A0E315E6C8F30078D033 /* QuartzCore.framework */ = {isa = PBXFileReference; lastKnownFileType = wrapper.framework; name = QuartzCore.framework; path = System/Library/Frameworks/QuartzCore.framework; sourceTree = SDKROOT; };
		8A42A0EA15E6CB170078D033 /* GameViewController.h */ = {isa = PBXFileReference; fileEncoding = 4; lastKnownFileType = sourcecode.c.h; name = GameViewController.h; path = ../GameViewController.h; sourceTree = "<group>"; };
		8A42A0EB15E6CB170078D033 /* GameViewController.m */ = {isa = PBXFileReference; fileEncoding = 4; lastKnownFileType = sourcecode.c.objc; name = GameViewController.m; path = ../GameViewController.m; sourceTree = "<group>"; };
		8A42A0EF15E6CE620078D033 /* laser.png */ = {isa = PBXFileReference; lastKnownFileType = image.png; path = laser.png; sourceTree = "<group>"; };
		8A42A0F515E6D2840078D033 /* GameView.h */ = {isa = PBXFileReference; fileEncoding = 4; lastKnownFileType = sourcecode.c.h; path = GameView.h; sourceTree = "<group>"; };
		8A42A0F615E6D2840078D033 /* GameView.m */ = {isa = PBXFileReference; fileEncoding = 4; lastKnownFileType = sourcecode.c.objc; path = GameView.m; sourceTree = "<group>"; };
		8A42A0FC15E6D4900078D033 /* Ship.h */ = {isa = PBXFileReference; fileEncoding = 4; lastKnownFileType = sourcecode.c.h; path = Ship.h; sourceTree = "<group>"; };
		8A42A0FD15E6D4900078D033 /* Ship.m */ = {isa = PBXFileReference; fileEncoding = 4; lastKnownFileType = sourcecode.c.objc; path = Ship.m; sourceTree = "<group>"; };
		8A42A0FF15E6F7540078D033 /* laser.mp4 */ = {isa = PBXFileReference; lastKnownFileType = file; path = laser.mp4; sourceTree = "<group>"; };
		8A42A10115E706CE0078D033 /* LaserBlast.h */ = {isa = PBXFileReference; fileEncoding = 4; lastKnownFileType = sourcecode.c.h; path = LaserBlast.h; sourceTree = "<group>"; };
		8A42A10215E706CE0078D033 /* LaserBlast.m */ = {isa = PBXFileReference; fileEncoding = 4; lastKnownFileType = sourcecode.c.objc; path = LaserBlast.m; sourceTree = "<group>"; };
		8A42A10415E70A180078D033 /* Asteroid.h */ = {isa = PBXFileReference; fileEncoding = 4; lastKnownFileType = sourcecode.c.h; path = Asteroid.h; sourceTree = "<group>"; };
		8A42A10515E70A180078D033 /* Asteroid.m */ = {isa = PBXFileReference; fileEncoding = 4; lastKnownFileType = sourcecode.c.objc; path = Asteroid.m; sourceTree = "<group>"; };
		8A42A10715E70A5D0078D033 /* asteroid.png */ = {isa = PBXFileReference; lastKnownFileType = image.png; path = asteroid.png; sourceTree = "<group>"; };
		8A58836515E75F0E004345AA /* space.png */ = {isa = PBXFileReference; lastKnownFileType = image.png; path = space.png; sourceTree = "<group>"; };
		8AA7C94115E9510600061DC2 /* WelcomeViewController.h */ = {isa = PBXFileReference; fileEncoding = 4; lastKnownFileType = sourcecode.c.h; path = WelcomeViewController.h; sourceTree = "<group>"; };
		8AA7C94215E9510600061DC2 /* WelcomeViewController.m */ = {isa = PBXFileReference; fileEncoding = 4; lastKnownFileType = sourcecode.c.objc; path = WelcomeViewController.m; sourceTree = "<group>"; };
		8AA7C94315E9510600061DC2 /* WelcomeViewController.xib */ = {isa = PBXFileReference; fileEncoding = 4; lastKnownFileType = file.xib; path = WelcomeViewController.xib; sourceTree = "<group>"; };
		8AA991D015E9746700143800 /* welcome.png */ = {isa = PBXFileReference; lastKnownFileType = image.png; path = welcome.png; sourceTree = "<group>"; };
		8AA991E915E9A6A600143800 /* ScoreViewController.h */ = {isa = PBXFileReference; fileEncoding = 4; lastKnownFileType = sourcecode.c.h; path = ScoreViewController.h; sourceTree = "<group>"; };
		8AA991EA15E9A6A600143800 /* ScoreViewController.m */ = {isa = PBXFileReference; fileEncoding = 4; lastKnownFileType = sourcecode.c.objc; path = ScoreViewController.m; sourceTree = "<group>"; };
		8AA991EB15E9A6A600143800 /* ScoreViewController.xib */ = {isa = PBXFileReference; fileEncoding = 4; lastKnownFileType = file.xib; path = ScoreViewController.xib; sourceTree = "<group>"; };
		8AA991F815E9B23900143800 /* blackButtonBackground.png */ = {isa = PBXFileReference; lastKnownFileType = image.png; path = blackButtonBackground.png; sourceTree = "<group>"; };
		8AA991FA15E9B4EA00143800 /* SelectShipViewController.h */ = {isa = PBXFileReference; fileEncoding = 4; lastKnownFileType = sourcecode.c.h; path = SelectShipViewController.h; sourceTree = "<group>"; };
		8AA991FB15E9B4EA00143800 /* SelectShipViewController.m */ = {isa = PBXFileReference; fileEncoding = 4; lastKnownFileType = sourcecode.c.objc; path = SelectShipViewController.m; sourceTree = "<group>"; };
		8AA991FF15E9BB1600143800 /* selectBackground.png */ = {isa = PBXFileReference; lastKnownFileType = image.png; path = selectBackground.png; sourceTree = "<group>"; };
		8AA9920515E9C41200143800 /* milleniumFalcon.png */ = {isa = PBXFileReference; lastKnownFileType = image.png; path = milleniumFalcon.png; sourceTree = "<group>"; };
		8AAC434615EC51170007103D /* EnemyShip.h */ = {isa = PBXFileReference; fileEncoding = 4; lastKnownFileType = sourcecode.c.h; path = EnemyShip.h; sourceTree = "<group>"; };
		8AAC434715EC51170007103D /* EnemyShip.m */ = {isa = PBXFileReference; fileEncoding = 4; lastKnownFileType = sourcecode.c.objc; path = EnemyShip.m; sourceTree = "<group>"; };
		8AAC434A15EC52B30007103D /* falcon.png */ = {isa = PBXFileReference; lastKnownFileType = image.png; path = falcon.png; sourceTree = "<group>"; };
		8AAC434C15EC5CEF0007103D /* tieFighter.png */ = {isa = PBXFileReference; lastKnownFileType = image.png; path = tieFighter.png; sourceTree = "<group>"; };
		8AB2B00A15FD4B3C007DEB5D /* greenLaser.png */ = {isa = PBXFileReference; lastKnownFileType = image.png; path = greenLaser.png; sourceTree = "<group>"; };
/* End PBXFileReference section */

/* Begin PBXFrameworksBuildPhase section */
		8A42A0BB15E6C5E30078D033 /* Frameworks */ = {
			isa = PBXFrameworksBuildPhase;
			buildActionMask = 2147483647;
			files = (
				8A42A0E415E6C8F30078D033 /* QuartzCore.framework in Frameworks */,
				8A42A0E215E6C8EC0078D033 /* AVFoundation.framework in Frameworks */,
				8A42A0C315E6C5E30078D033 /* UIKit.framework in Frameworks */,
				8A42A0C515E6C5E30078D033 /* Foundation.framework in Frameworks */,
				8A42A0C715E6C5E30078D033 /* CoreGraphics.framework in Frameworks */,
			);
			runOnlyForDeploymentPostprocessing = 0;
		};
/* End PBXFrameworksBuildPhase section */

/* Begin PBXGroup section */
		8A42A0B315E6C5E30078D033 = {
			isa = PBXGroup;
			children = (
				8A42A0C815E6C5E30078D033 /* Astroids */,
				8A42A0C115E6C5E30078D033 /* Frameworks */,
				8A42A0BF15E6C5E30078D033 /* Products */,
			);
			sourceTree = "<group>";
		};
		8A42A0BF15E6C5E30078D033 /* Products */ = {
			isa = PBXGroup;
			children = (
				8A42A0BE15E6C5E30078D033 /* Astroids.app */,
			);
			name = Products;
			sourceTree = "<group>";
		};
		8A42A0C115E6C5E30078D033 /* Frameworks */ = {
			isa = PBXGroup;
			children = (
				8A42A0E315E6C8F30078D033 /* QuartzCore.framework */,
				8A42A0E115E6C8EC0078D033 /* AVFoundation.framework */,
				8A42A0C215E6C5E30078D033 /* UIKit.framework */,
				8A42A0C415E6C5E30078D033 /* Foundation.framework */,
				8A42A0C615E6C5E30078D033 /* CoreGraphics.framework */,
			);
			name = Frameworks;
			sourceTree = "<group>";
		};
		8A42A0C815E6C5E30078D033 /* Astroids */ = {
			isa = PBXGroup;
			children = (
				8AA991DC15E9A52800143800 /* sounds */,
				8AA991DB15E9A52000143800 /* images */,
				8A42A0D115E6C5E30078D033 /* AppDelegate.h */,
				8A42A0D215E6C5E30078D033 /* AppDelegate.m */,
				8AA7C94115E9510600061DC2 /* WelcomeViewController.h */,
				8AA7C94215E9510600061DC2 /* WelcomeViewController.m */,
				8AA7C94315E9510600061DC2 /* WelcomeViewController.xib */,
				8AA991FA15E9B4EA00143800 /* SelectShipViewController.h */,
				8AA991FB15E9B4EA00143800 /* SelectShipViewController.m */,
				8A385A2F15FC6F9E0014A041 /* SelectShipViewController.xib */,
				8A42A0EA15E6CB170078D033 /* GameViewController.h */,
				8A42A0EB15E6CB170078D033 /* GameViewController.m */,
				8AA991E915E9A6A600143800 /* ScoreViewController.h */,
				8A385A2D15FC6EF60014A041 /* GameViewController.xib */,
				8AA991EA15E9A6A600143800 /* ScoreViewController.m */,
				8AA991EB15E9A6A600143800 /* ScoreViewController.xib */,
				8A42A0F515E6D2840078D033 /* GameView.h */,
				8A42A0F615E6D2840078D033 /* GameView.m */,
				8AAC434615EC51170007103D /* EnemyShip.h */,
				8AAC434715EC51170007103D /* EnemyShip.m */,
				8A42A0FC15E6D4900078D033 /* Ship.h */,
				8A42A0FD15E6D4900078D033 /* Ship.m */,
				8A42A10115E706CE0078D033 /* LaserBlast.h */,
				8A42A10215E706CE0078D033 /* LaserBlast.m */,
				8A42A10415E70A180078D033 /* Asteroid.h */,
				8A42A10515E70A180078D033 /* Asteroid.m */,
				8A42A0C915E6C5E30078D033 /* Supporting Files */,
			);
			path = Astroids;
			sourceTree = "<group>";
		};
		8A42A0C915E6C5E30078D033 /* Supporting Files */ = {
			isa = PBXGroup;
			children = (
				8A42A0CA15E6C5E30078D033 /* Astroids-Info.plist */,
				8A42A0CB15E6C5E30078D033 /* InfoPlist.strings */,
				8A42A0CE15E6C5E30078D033 /* main.m */,
				8A42A0D015E6C5E30078D033 /* Astroids-Prefix.pch */,
			);
			name = "Supporting Files";
			sourceTree = "<group>";
		};
		8AA991DB15E9A52000143800 /* images */ = {
			isa = PBXGroup;
			children = (
				8A1162D115FE94CB00447125 /* level3Background.png */,
				8A1162CF15FE94C300447125 /* level2Background.png */,
				8A42A0EF15E6CE620078D033 /* laser.png */,
				8AB2B00A15FD4B3C007DEB5D /* greenLaser.png */,
				8A385A2715FC588C0014A041 /* selectYWing.png */,
				8A385A2815FC588C0014A041 /* selectYWingHighlighted.png */,
				8A385A2315FC58840014A041 /* selectXWing.png */,
				8A385A2415FC58840014A041 /* selectXWingHighlighted.png */,
				8A385A1F15FC56700014A041 /* selectFalcon.png */,
				8A385A2015FC56700014A041 /* selectFalconHighlighted.png */,
				8A385A1715FC4CC50014A041 /* selectTWing.png */,
				8A385A1B15FC53A40014A041 /* selectTWingHighlighted.png */,
				8AAC434A15EC52B30007103D /* falcon.png */,
				8A385A0315FBFE310014A041 /* twing.png */,
				8A385A0115FBFD530014A041 /* ywing.png */,
				8A3859FF15FBFACD0014A041 /* xwing.png */,
				8AAC434C15EC5CEF0007103D /* tieFighter.png */,
				8A3859FD15FB3F570014A041 /* tieInterceptor.png */,
				8A3859FA15FB3CE90014A041 /* tieBomber.png */,
				8AA991D015E9746700143800 /* welcome.png */,
				8AA991FF15E9BB1600143800 /* selectBackground.png */,
				8AA991F815E9B23900143800 /* blackButtonBackground.png */,
				8AA9920515E9C41200143800 /* milleniumFalcon.png */,
				8A58836515E75F0E004345AA /* space.png */,
				8A42A10715E70A5D0078D033 /* asteroid.png */,
				8A42A0DB15E6C61B0078D033 /* ship.png */,
			);
			name = images;
			sourceTree = "<group>";
		};
		8AA991DC15E9A52800143800 /* sounds */ = {
			isa = PBXGroup;
			children = (
				8A42A0FF15E6F7540078D033 /* laser.mp4 */,
				8A42A0D915E6C6130078D033 /* astroid.mp4 */,
				8A42A0DF15E6C8BD0078D033 /* laser.mp3 */,
			);
			name = sounds;
			sourceTree = "<group>";
		};
/* End PBXGroup section */

/* Begin PBXNativeTarget section */
		8A42A0BD15E6C5E30078D033 /* Astroids */ = {
			isa = PBXNativeTarget;
			buildConfigurationList = 8A42A0D615E6C5E30078D033 /* Build configuration list for PBXNativeTarget "Astroids" */;
			buildPhases = (
				8A42A0BA15E6C5E30078D033 /* Sources */,
				8A42A0BB15E6C5E30078D033 /* Frameworks */,
				8A42A0BC15E6C5E30078D033 /* Resources */,
			);
			buildRules = (
			);
			dependencies = (
			);
			name = Astroids;
			productName = Astroids;
			productReference = 8A42A0BE15E6C5E30078D033 /* Astroids.app */;
			productType = "com.apple.product-type.application";
		};
/* End PBXNativeTarget section */

/* Begin PBXProject section */
		8A42A0B515E6C5E30078D033 /* Project object */ = {
			isa = PBXProject;
			attributes = {
				LastUpgradeCheck = 0440;
				ORGANIZATIONNAME = "Robert Carter";
			};
			buildConfigurationList = 8A42A0B815E6C5E30078D033 /* Build configuration list for PBXProject "Astroids" */;
			compatibilityVersion = "Xcode 3.2";
			developmentRegion = English;
			hasScannedForEncodings = 0;
			knownRegions = (
				en,
			);
			mainGroup = 8A42A0B315E6C5E30078D033;
			productRefGroup = 8A42A0BF15E6C5E30078D033 /* Products */;
			projectDirPath = "";
			projectRoot = "";
			targets = (
				8A42A0BD15E6C5E30078D033 /* Astroids */,
			);
		};
/* End PBXProject section */

/* Begin PBXResourcesBuildPhase section */
		8A42A0BC15E6C5E30078D033 /* Resources */ = {
			isa = PBXResourcesBuildPhase;
			buildActionMask = 2147483647;
			files = (
				8A42A0CD15E6C5E30078D033 /* InfoPlist.strings in Resources */,
				8A42A0DA15E6C6130078D033 /* astroid.mp4 in Resources */,
				8A42A0DC15E6C61B0078D033 /* ship.png in Resources */,
				8A42A0E015E6C8BD0078D033 /* laser.mp3 in Resources */,
				8A42A0F015E6CE620078D033 /* laser.png in Resources */,
				8A42A10015E6F7540078D033 /* laser.mp4 in Resources */,
				8A42A10815E70A5D0078D033 /* asteroid.png in Resources */,
				8A58836615E75F0E004345AA /* space.png in Resources */,
				8AA7C94515E9510600061DC2 /* WelcomeViewController.xib in Resources */,
				8AA991D115E9746700143800 /* welcome.png in Resources */,
				8AA991ED15E9A6A600143800 /* ScoreViewController.xib in Resources */,
				8AA991F915E9B23900143800 /* blackButtonBackground.png in Resources */,
				8AA9920015E9BB1600143800 /* selectBackground.png in Resources */,
				8AA9920615E9C41300143800 /* milleniumFalcon.png in Resources */,
				8AAC434B15EC52B30007103D /* falcon.png in Resources */,
				8AAC434D15EC5CEF0007103D /* tieFighter.png in Resources */,
				8A3859FB15FB3CE90014A041 /* tieBomber.png in Resources */,
				8A3859FE15FB3F570014A041 /* tieInterceptor.png in Resources */,
				8A385A0015FBFACD0014A041 /* xwing.png in Resources */,
				8A385A0215FBFD530014A041 /* ywing.png in Resources */,
				8A385A0415FBFE310014A041 /* twing.png in Resources */,
				8A385A1815FC4CC50014A041 /* selectTWing.png in Resources */,
				8A385A1C15FC53A40014A041 /* selectTWingHighlighted.png in Resources */,
				8A385A2115FC56710014A041 /* selectFalcon.png in Resources */,
				8A385A2215FC56710014A041 /* selectFalconHighlighted.png in Resources */,
				8A385A2515FC58840014A041 /* selectXWing.png in Resources */,
				8A385A2615FC58840014A041 /* selectXWingHighlighted.png in Resources */,
				8A385A2915FC588C0014A041 /* selectYWing.png in Resources */,
				8A385A2A15FC588C0014A041 /* selectYWingHighlighted.png in Resources */,
				8A385A2E15FC6EF70014A041 /* GameViewController.xib in Resources */,
				8A385A3015FC6F9F0014A041 /* SelectShipViewController.xib in Resources */,
				8AB2B00B15FD4B3C007DEB5D /* greenLaser.png in Resources */,
				8A1162D015FE94C300447125 /* level2Background.png in Resources */,
				8A1162D215FE94CB00447125 /* level3Background.png in Resources */,
			);
			runOnlyForDeploymentPostprocessing = 0;
		};
/* End PBXResourcesBuildPhase section */

/* Begin PBXSourcesBuildPhase section */
		8A42A0BA15E6C5E30078D033 /* Sources */ = {
			isa = PBXSourcesBuildPhase;
			buildActionMask = 2147483647;
			files = (
				8A42A0CF15E6C5E30078D033 /* main.m in Sources */,
				8A42A0D315E6C5E30078D033 /* AppDelegate.m in Sources */,
				8A42A0ED15E6CB170078D033 /* GameViewController.m in Sources */,
				8A42A0F715E6D2840078D033 /* GameView.m in Sources */,
				8A42A0FE15E6D4900078D033 /* Ship.m in Sources */,
				8A42A10315E706CE0078D033 /* LaserBlast.m in Sources */,
				8A42A10615E70A180078D033 /* Asteroid.m in Sources */,
				8AA7C94415E9510600061DC2 /* WelcomeViewController.m in Sources */,
				8AA991EC15E9A6A600143800 /* ScoreViewController.m in Sources */,
				8AA991FD15E9B4EA00143800 /* SelectShipViewController.m in Sources */,
				8AAC434815EC51170007103D /* EnemyShip.m in Sources */,
			);
			runOnlyForDeploymentPostprocessing = 0;
		};
/* End PBXSourcesBuildPhase section */

/* Begin PBXVariantGroup section */
		8A42A0CB15E6C5E30078D033 /* InfoPlist.strings */ = {
			isa = PBXVariantGroup;
			children = (
				8A42A0CC15E6C5E30078D033 /* en */,
			);
			name = InfoPlist.strings;
			sourceTree = "<group>";
		};
/* End PBXVariantGroup section */

/* Begin XCBuildConfiguration section */
		8A42A0D415E6C5E30078D033 /* Debug */ = {
			isa = XCBuildConfiguration;
			buildSettings = {
				ALWAYS_SEARCH_USER_PATHS = NO;
				ARCHS = "$(ARCHS_STANDARD_32_BIT)";
				CLANG_CXX_LANGUAGE_STANDARD = "gnu++0x";
				CLANG_ENABLE_OBJC_ARC = YES;
				CLANG_WARN__DUPLICATE_METHOD_MATCH = YES;
				"CODE_SIGN_IDENTITY[sdk=iphoneos*]" = "iPhone Developer";
				COPY_PHASE_STRIP = NO;
				GCC_C_LANGUAGE_STANDARD = gnu99;
				GCC_DYNAMIC_NO_PIC = NO;
				GCC_OPTIMIZATION_LEVEL = 0;
				GCC_PREPROCESSOR_DEFINITIONS = (
					"DEBUG=1",
					"$(inherited)",
				);
				GCC_SYMBOLS_PRIVATE_EXTERN = NO;
				GCC_VERSION = com.apple.compilers.llvm.clang.1_0;
				GCC_WARN_ABOUT_RETURN_TYPE = YES;
				GCC_WARN_UNINITIALIZED_AUTOS = YES;
				GCC_WARN_UNUSED_VARIABLE = YES;
				IPHONEOS_DEPLOYMENT_TARGET = 5.1;
				SDKROOT = iphoneos;
			};
			name = Debug;
		};
		8A42A0D515E6C5E30078D033 /* Release */ = {
			isa = XCBuildConfiguration;
			buildSettings = {
				ALWAYS_SEARCH_USER_PATHS = NO;
				ARCHS = "$(ARCHS_STANDARD_32_BIT)";
				CLANG_CXX_LANGUAGE_STANDARD = "gnu++0x";
				CLANG_ENABLE_OBJC_ARC = YES;
				CLANG_WARN__DUPLICATE_METHOD_MATCH = YES;
				"CODE_SIGN_IDENTITY[sdk=iphoneos*]" = "iPhone Developer";
				COPY_PHASE_STRIP = YES;
				GCC_C_LANGUAGE_STANDARD = gnu99;
				GCC_VERSION = com.apple.compilers.llvm.clang.1_0;
				GCC_WARN_ABOUT_RETURN_TYPE = YES;
				GCC_WARN_UNINITIALIZED_AUTOS = YES;
				GCC_WARN_UNUSED_VARIABLE = YES;
				IPHONEOS_DEPLOYMENT_TARGET = 5.1;
				OTHER_CFLAGS = "-DNS_BLOCK_ASSERTIONS=1";
				SDKROOT = iphoneos;
				VALIDATE_PRODUCT = YES;
			};
			name = Release;
		};
		8A42A0D715E6C5E30078D033 /* Debug */ = {
			isa = XCBuildConfiguration;
			buildSettings = {
				GCC_PRECOMPILE_PREFIX_HEADER = YES;
				GCC_PREFIX_HEADER = "Astroids/Astroids-Prefix.pch";
				INFOPLIST_FILE = "Astroids/Astroids-Info.plist";
				PRODUCT_NAME = "$(TARGET_NAME)";
				WRAPPER_EXTENSION = app;
			};
			name = Debug;
		};
		8A42A0D815E6C5E30078D033 /* Release */ = {
			isa = XCBuildConfiguration;
			buildSettings = {
				GCC_PRECOMPILE_PREFIX_HEADER = YES;
				GCC_PREFIX_HEADER = "Astroids/Astroids-Prefix.pch";
				INFOPLIST_FILE = "Astroids/Astroids-Info.plist";
				PRODUCT_NAME = "$(TARGET_NAME)";
				WRAPPER_EXTENSION = app;
			};
			name = Release;
		};
/* End XCBuildConfiguration section */

/* Begin XCConfigurationList section */
		8A42A0B815E6C5E30078D033 /* Build configuration list for PBXProject "Astroids" */ = {
			isa = XCConfigurationList;
			buildConfigurations = (
				8A42A0D415E6C5E30078D033 /* Debug */,
				8A42A0D515E6C5E30078D033 /* Release */,
			);
			defaultConfigurationIsVisible = 0;
			defaultConfigurationName = Release;
		};
		8A42A0D615E6C5E30078D033 /* Build configuration list for PBXNativeTarget "Astroids" */ = {
			isa = XCConfigurationList;
			buildConfigurations = (
				8A42A0D715E6C5E30078D033 /* Debug */,
				8A42A0D815E6C5E30078D033 /* Release */,
			);
			defaultConfigurationIsVisible = 0;
			defaultConfigurationName = Release;
		};
/* End XCConfigurationList section */
	};
	rootObject = 8A42A0B515E6C5E30078D033 /* Project object */;
}
